[[package]]
name = "advent_of_code_rust"
version = "0.1.0"
dependencies = [
 "iterslide 1.0.0 (registry+https://github.com/rust-lang/crates.io-index)",
]

[[package]]
name = "iterslide"
version = "1.0.0"
source = "registry+https://github.com/rust-lang/crates.io-index"

[metadata]
"checksum iterslide 1.0.0 (registry+https://github.com/rust-lang/crates.io-index)" = "2620fa52f480ea42dde1ad19a9fedf1b321425b493c9efd7a62b464592520760"
